
Microsoft Visual Studio Solution File, Format Version 12.00
# Visual Studio Version 17
VisualStudioVersion = 17.0.31903.59
MinimumVisualStudioVersion = 10.0.40219.1
Project("{9A19103F-16F7-4668-BE54-9A1E7A4F7556}") = "Disco.Localization.Resources", "disco-fx\Disco.Localization.Resources\Disco.Localization.Resources.csproj", "{6C1A96D0-FF95-4E2F-AC96-12FE8BC7DC8F}"
EndProject
Project("{9A19103F-16F7-4668-BE54-9A1E7A4F7556}") = "Disco.Utilities", "disco-fx\Disco.Utilities\Disco.Utilities.csproj", "{F29C60A0-A5E6-4C60-B157-D532CE7664A9}"
EndProject
Project("{9A19103F-16F7-4668-BE54-9A1E7A4F7556}") = "Disco.Models.Abstractions", "disco-fx\Disco.Models.Abstractions\Disco.Models.Abstractions.csproj", "{D95C2172-C3BD-4626-AE6B-F0514D432501}"
EndProject
Project("{9A19103F-16F7-4668-BE54-9A1E7A4F7556}") = "Disco.Logging.Abstractions", "disco-fx\Disco.Logging.Abstractions\Disco.Logging.Abstractions.csproj", "{635A9202-47CB-467F-B991-394F479F6209}"
EndProject
Project("{9A19103F-16F7-4668-BE54-9A1E7A4F7556}") = "Disco.Logging", "disco-fx\Disco.Logging\Disco.Logging.csproj", "{E2389FD3-595D-4A8E-BEFC-0E1F2A551279}"
EndProject
Project("{9A19103F-16F7-4668-BE54-9A1E7A4F7556}") = "Disco.Logging.Providers.NLog.Integration", "disco-fx\Disco.Logging.Providers.NLog.Integration\Disco.Logging.Providers.NLog.Integration.csproj", "{61B06622-6435-4EAB-9BB2-4351D2864EB7}"
EndProject
Project("{2150E333-8FDC-42A3-9474-1A3956D46DE8}") = "Shared", "Shared", "{B46D9E87-A220-4378-BC46-37D3AC7B8CAE}"
EndProject
Project("{D954291E-2A0B-460D-934E-DC6B0785DB48}") = "Shared.Configuration.NLog", "shared\Shared.Configuration.NLog\Shared.Configuration.NLog.shproj", "{757C84C6-20CF-491D-A13A-F3BE98CB5459}"
EndProject
Global
	GlobalSection(SolutionConfigurationPlatforms) = preSolution
		Debug|Any CPU = Debug|Any CPU
		Release|Any CPU = Release|Any CPU
	EndGlobalSection
	GlobalSection(ProjectConfigurationPlatforms) = postSolution
		{6C1A96D0-FF95-4E2F-AC96-12FE8BC7DC8F}.Debug|Any CPU.ActiveCfg = Debug|Any CPU
		{6C1A96D0-FF95-4E2F-AC96-12FE8BC7DC8F}.Debug|Any CPU.Build.0 = Debug|Any CPU
		{6C1A96D0-FF95-4E2F-AC96-12FE8BC7DC8F}.Release|Any CPU.ActiveCfg = Release|Any CPU
		{6C1A96D0-FF95-4E2F-AC96-12FE8BC7DC8F}.Release|Any CPU.Build.0 = Release|Any CPU
		{F29C60A0-A5E6-4C60-B157-D532CE7664A9}.Debug|Any CPU.ActiveCfg = Debug|Any CPU
		{F29C60A0-A5E6-4C60-B157-D532CE7664A9}.Debug|Any CPU.Build.0 = Debug|Any CPU
		{F29C60A0-A5E6-4C60-B157-D532CE7664A9}.Release|Any CPU.ActiveCfg = Release|Any CPU
		{F29C60A0-A5E6-4C60-B157-D532CE7664A9}.Release|Any CPU.Build.0 = Release|Any CPU
		{D95C2172-C3BD-4626-AE6B-F0514D432501}.Debug|Any CPU.ActiveCfg = Debug|Any CPU
		{D95C2172-C3BD-4626-AE6B-F0514D432501}.Debug|Any CPU.Build.0 = Debug|Any CPU
		{D95C2172-C3BD-4626-AE6B-F0514D432501}.Release|Any CPU.ActiveCfg = Release|Any CPU
		{D95C2172-C3BD-4626-AE6B-F0514D432501}.Release|Any CPU.Build.0 = Release|Any CPU
		{635A9202-47CB-467F-B991-394F479F6209}.Debug|Any CPU.ActiveCfg = Debug|Any CPU
		{635A9202-47CB-467F-B991-394F479F6209}.Debug|Any CPU.Build.0 = Debug|Any CPU
		{635A9202-47CB-467F-B991-394F479F6209}.Release|Any CPU.ActiveCfg = Release|Any CPU
		{635A9202-47CB-467F-B991-394F479F6209}.Release|Any CPU.Build.0 = Release|Any CPU
		{E2389FD3-595D-4A8E-BEFC-0E1F2A551279}.Debug|Any CPU.ActiveCfg = Debug|Any CPU
		{E2389FD3-595D-4A8E-BEFC-0E1F2A551279}.Debug|Any CPU.Build.0 = Debug|Any CPU
		{E2389FD3-595D-4A8E-BEFC-0E1F2A551279}.Release|Any CPU.ActiveCfg = Release|Any CPU
		{E2389FD3-595D-4A8E-BEFC-0E1F2A551279}.Release|Any CPU.Build.0 = Release|Any CPU
		{61B06622-6435-4EAB-9BB2-4351D2864EB7}.Debug|Any CPU.ActiveCfg = Debug|Any CPU
		{61B06622-6435-4EAB-9BB2-4351D2864EB7}.Debug|Any CPU.Build.0 = Debug|Any CPU
		{61B06622-6435-4EAB-9BB2-4351D2864EB7}.Release|Any CPU.ActiveCfg = Release|Any CPU
		{61B06622-6435-4EAB-9BB2-4351D2864EB7}.Release|Any CPU.Build.0 = Release|Any CPU
	EndGlobalSection
	GlobalSection(SolutionProperties) = preSolution
		HideSolutionNode = FALSE
	EndGlobalSection
	GlobalSection(NestedProjects) = preSolution
		{757C84C6-20CF-491D-A13A-F3BE98CB5459} = {B46D9E87-A220-4378-BC46-37D3AC7B8CAE}
	EndGlobalSection
	GlobalSection(ExtensibilityGlobals) = postSolution
		SolutionGuid = {109F754F-4F20-493A-BB20-A1D87EDBF98D}
	EndGlobalSection
	GlobalSection(SharedMSBuildProjectFiles) = preSolution
		shared\Shared.Configuration.NLog\Shared.Configuration.NLog.projitems*{757c84c6-20cf-491d-a13a-f3be98cb5459}*SharedItemsImports = 13
	EndGlobalSection
EndGlobal
