
Microsoft Visual Studio Solution File, Format Version 12.00
# Visual Studio Version 17
VisualStudioVersion = 17.0.31903.59
MinimumVisualStudioVersion = 10.0.40219.1
Project("{9A19103F-16F7-4668-BE54-9A1E7A4F7556}") = "Disco.Localization.Resources", "disco-fx\Disco.Localization.Resources\Disco.Localization.Resources.csproj", "{6C1A96D0-FF95-4E2F-AC96-12FE8BC7DC8F}"
EndProject
Project("{9A19103F-16F7-4668-BE54-9A1E7A4F7556}") = "Disco.Utilities", "disco-fx\Disco.Utilities\Disco.Utilities.csproj", "{F29C60A0-A5E6-4C60-B157-D532CE7664A9}"
EndProject
Project("{9A19103F-16F7-4668-BE54-9A1E7A4F7556}") = "Disco.Models.Abstractions", "disco-fx\Disco.Models.Abstractions\Disco.Models.Abstractions.csproj", "{D95C2172-C3BD-4626-AE6B-F0514D432501}"
EndProject
Project("{9A19103F-16F7-4668-BE54-9A1E7A4F7556}") = "Disco.Logging.Abstractions", "disco-fx\Disco.Logging.Abstractions\Disco.Logging.Abstractions.csproj", "{635A9202-47CB-467F-B991-394F479F6209}"
EndProject
Global
	GlobalSection(SolutionConfigurationPlatforms) = preSolution
		Debug|Any CPU = Debug|Any CPU
		Release|Any CPU = Release|Any CPU
	EndGlobalSection
	GlobalSection(ProjectConfigurationPlatforms) = postSolution
		{6C1A96D0-FF95-4E2F-AC96-12FE8BC7DC8F}.Debug|Any CPU.ActiveCfg = Debug|Any CPU
		{6C1A96D0-FF95-4E2F-AC96-12FE8BC7DC8F}.Debug|Any CPU.Build.0 = Debug|Any CPU
		{6C1A96D0-FF95-4E2F-AC96-12FE8BC7DC8F}.Release|Any CPU.ActiveCfg = Release|Any CPU
		{6C1A96D0-FF95-4E2F-AC96-12FE8BC7DC8F}.Release|Any CPU.Build.0 = Release|Any CPU
		{F29C60A0-A5E6-4C60-B157-D532CE7664A9}.Debug|Any CPU.ActiveCfg = Debug|Any CPU
		{F29C60A0-A5E6-4C60-B157-D532CE7664A9}.Debug|Any CPU.Build.0 = Debug|Any CPU
		{F29C60A0-A5E6-4C60-B157-D532CE7664A9}.Release|Any CPU.ActiveCfg = Release|Any CPU
		{F29C60A0-A5E6-4C60-B157-D532CE7664A9}.Release|Any CPU.Build.0 = Release|Any CPU
		{D95C2172-C3BD-4626-AE6B-F0514D432501}.Debug|Any CPU.ActiveCfg = Debug|Any CPU
		{D95C2172-C3BD-4626-AE6B-F0514D432501}.Debug|Any CPU.Build.0 = Debug|Any CPU
		{D95C2172-C3BD-4626-AE6B-F0514D432501}.Release|Any CPU.ActiveCfg = Release|Any CPU
		{D95C2172-C3BD-4626-AE6B-F0514D432501}.Release|Any CPU.Build.0 = Release|Any CPU
		{635A9202-47CB-467F-B991-394F479F6209}.Debug|Any CPU.ActiveCfg = Debug|Any CPU
		{635A9202-47CB-467F-B991-394F479F6209}.Debug|Any CPU.Build.0 = Debug|Any CPU
		{635A9202-47CB-467F-B991-394F479F6209}.Release|Any CPU.ActiveCfg = Release|Any CPU
		{635A9202-47CB-467F-B991-394F479F6209}.Release|Any CPU.Build.0 = Release|Any CPU
	EndGlobalSection
	GlobalSection(SolutionProperties) = preSolution
		HideSolutionNode = FALSE
	EndGlobalSection
	GlobalSection(ExtensibilityGlobals) = postSolution
		SolutionGuid = {109F754F-4F20-493A-BB20-A1D87EDBF98D}
	EndGlobalSection
EndGlobal
